
Microsoft Visual Studio Solution File, Format Version 12.00
# Visual Studio Version 16
VisualStudioVersion = 16.0.29613.14
MinimumVisualStudioVersion = 10.0.40219.1
Project("{9A19103F-16F7-4668-BE54-9A1E7A4F7556}") = "API", "API\API.csproj", "{5F52EBC2-F4F4-4E8A-BA6F-171690C1336E}"
EndProject
Project("{FAE04EC0-301F-11D3-BF4B-00C04F79EFBC}") = "MVC", "MVC\MVC.csproj", "{720FDD85-F4F7-402B-BA6C-BEE460622E92}"
EndProject
Global
	GlobalSection(SolutionConfigurationPlatforms) = preSolution
		Debug|Any CPU = Debug|Any CPU
		Release|Any CPU = Release|Any CPU
	EndGlobalSection
	GlobalSection(ProjectConfigurationPlatforms) = postSolution
		{5F52EBC2-F4F4-4E8A-BA6F-171690C1336E}.Debug|Any CPU.ActiveCfg = Debug|Any CPU
		{5F52EBC2-F4F4-4E8A-BA6F-171690C1336E}.Debug|Any CPU.Build.0 = Debug|Any CPU
		{5F52EBC2-F4F4-4E8A-BA6F-171690C1336E}.Release|Any CPU.ActiveCfg = Release|Any CPU
		{5F52EBC2-F4F4-4E8A-BA6F-171690C1336E}.Release|Any CPU.Build.0 = Release|Any CPU
		{720FDD85-F4F7-402B-BA6C-BEE460622E92}.Debug|Any CPU.ActiveCfg = Debug|Any CPU
		{720FDD85-F4F7-402B-BA6C-BEE460622E92}.Debug|Any CPU.Build.0 = Debug|Any CPU
		{720FDD85-F4F7-402B-BA6C-BEE460622E92}.Release|Any CPU.ActiveCfg = Release|Any CPU
		{720FDD85-F4F7-402B-BA6C-BEE460622E92}.Release|Any CPU.Build.0 = Release|Any CPU
	EndGlobalSection
	GlobalSection(SolutionProperties) = preSolution
		HideSolutionNode = FALSE
	EndGlobalSection
	GlobalSection(ExtensibilityGlobals) = postSolution
		SolutionGuid = {509E6E46-24CD-447A-A9CB-E14052F1A082}
	EndGlobalSection
EndGlobal
